
Microsoft Visual Studio Solution File, Format Version 12.00
# Visual Studio 15
VisualStudioVersion = 15.0.28307.329
MinimumVisualStudioVersion = 10.0.40219.1
Project("{FAE04EC0-301F-11D3-BF4B-00C04F79EFBC}") = "PracticeFour", "PracticeFour\PracticeFour.csproj", "{AA5BC573-0230-49D9-947A-DAADB79E30BA}"
EndProject
Global
	GlobalSection(SolutionConfigurationPlatforms) = preSolution
		Debug|Any CPU = Debug|Any CPU
		Release|Any CPU = Release|Any CPU
	EndGlobalSection
	GlobalSection(ProjectConfigurationPlatforms) = postSolution
		{AA5BC573-0230-49D9-947A-DAADB79E30BA}.Debug|Any CPU.ActiveCfg = Debug|Any CPU
		{AA5BC573-0230-49D9-947A-DAADB79E30BA}.Debug|Any CPU.Build.0 = Debug|Any CPU
		{AA5BC573-0230-49D9-947A-DAADB79E30BA}.Release|Any CPU.ActiveCfg = Release|Any CPU
		{AA5BC573-0230-49D9-947A-DAADB79E30BA}.Release|Any CPU.Build.0 = Release|Any CPU
	EndGlobalSection
	GlobalSection(SolutionProperties) = preSolution
		HideSolutionNode = FALSE
	EndGlobalSection
	GlobalSection(ExtensibilityGlobals) = postSolution
		SolutionGuid = {650C6ACF-4C01-483C-9110-C47FE9630AEC}
	EndGlobalSection
EndGlobal
