
Microsoft Visual Studio Solution File, Format Version 12.00
# Visual Studio 15
VisualStudioVersion = 15.0.28307.329
MinimumVisualStudioVersion = 10.0.40219.1
Project("{FAE04EC0-301F-11D3-BF4B-00C04F79EFBC}") = "WalkthroughFour", "WalkthroughFour\WalkthroughFour.csproj", "{AD376251-B46B-4F0A-8524-DF234C40C012}"
EndProject
Global
	GlobalSection(SolutionConfigurationPlatforms) = preSolution
		Debug|Any CPU = Debug|Any CPU
		Release|Any CPU = Release|Any CPU
	EndGlobalSection
	GlobalSection(ProjectConfigurationPlatforms) = postSolution
		{AD376251-B46B-4F0A-8524-DF234C40C012}.Debug|Any CPU.ActiveCfg = Debug|Any CPU
		{AD376251-B46B-4F0A-8524-DF234C40C012}.Debug|Any CPU.Build.0 = Debug|Any CPU
		{AD376251-B46B-4F0A-8524-DF234C40C012}.Release|Any CPU.ActiveCfg = Release|Any CPU
		{AD376251-B46B-4F0A-8524-DF234C40C012}.Release|Any CPU.Build.0 = Release|Any CPU
	EndGlobalSection
	GlobalSection(SolutionProperties) = preSolution
		HideSolutionNode = FALSE
	EndGlobalSection
	GlobalSection(ExtensibilityGlobals) = postSolution
		SolutionGuid = {FB94AFF7-3732-470F-A93B-28791304EA1B}
	EndGlobalSection
EndGlobal
