
Microsoft Visual Studio Solution File, Format Version 12.00
# Visual Studio 15
VisualStudioVersion = 15.0.28307.329
MinimumVisualStudioVersion = 10.0.40219.1
Project("{FAE04EC0-301F-11D3-BF4B-00C04F79EFBC}") = "PracticeThree", "PracticeThree\PracticeThree.csproj", "{4FEB603B-1B3C-4421-89FD-20FA53F50BA8}"
EndProject
Global
	GlobalSection(SolutionConfigurationPlatforms) = preSolution
		Debug|Any CPU = Debug|Any CPU
		Release|Any CPU = Release|Any CPU
	EndGlobalSection
	GlobalSection(ProjectConfigurationPlatforms) = postSolution
		{4FEB603B-1B3C-4421-89FD-20FA53F50BA8}.Debug|Any CPU.ActiveCfg = Debug|Any CPU
		{4FEB603B-1B3C-4421-89FD-20FA53F50BA8}.Debug|Any CPU.Build.0 = Debug|Any CPU
		{4FEB603B-1B3C-4421-89FD-20FA53F50BA8}.Release|Any CPU.ActiveCfg = Release|Any CPU
		{4FEB603B-1B3C-4421-89FD-20FA53F50BA8}.Release|Any CPU.Build.0 = Release|Any CPU
	EndGlobalSection
	GlobalSection(SolutionProperties) = preSolution
		HideSolutionNode = FALSE
	EndGlobalSection
	GlobalSection(ExtensibilityGlobals) = postSolution
		SolutionGuid = {51E70D13-FC92-4B9B-99F9-451A27E9C60D}
	EndGlobalSection
EndGlobal
