
Microsoft Visual Studio Solution File, Format Version 12.00
# Visual Studio 15
VisualStudioVersion = 15.0.28307.421
MinimumVisualStudioVersion = 10.0.40219.1
Project("{FAE04EC0-301F-11D3-BF4B-00C04F79EFBC}") = "WalkthroughNine", "WalkthroughNine\WalkthroughNine.csproj", "{6534207A-2EF2-43F7-A0DB-284B591A2B8C}"
EndProject
Global
	GlobalSection(SolutionConfigurationPlatforms) = preSolution
		Debug|Any CPU = Debug|Any CPU
		Release|Any CPU = Release|Any CPU
	EndGlobalSection
	GlobalSection(ProjectConfigurationPlatforms) = postSolution
		{6534207A-2EF2-43F7-A0DB-284B591A2B8C}.Debug|Any CPU.ActiveCfg = Debug|Any CPU
		{6534207A-2EF2-43F7-A0DB-284B591A2B8C}.Debug|Any CPU.Build.0 = Debug|Any CPU
		{6534207A-2EF2-43F7-A0DB-284B591A2B8C}.Release|Any CPU.ActiveCfg = Release|Any CPU
		{6534207A-2EF2-43F7-A0DB-284B591A2B8C}.Release|Any CPU.Build.0 = Release|Any CPU
	EndGlobalSection
	GlobalSection(SolutionProperties) = preSolution
		HideSolutionNode = FALSE
	EndGlobalSection
	GlobalSection(ExtensibilityGlobals) = postSolution
		SolutionGuid = {41279427-CF9B-4021-B9A6-EE6042DB4B65}
	EndGlobalSection
EndGlobal
