
Microsoft Visual Studio Solution File, Format Version 12.00
# Visual Studio 15
VisualStudioVersion = 15.0.28307.421
MinimumVisualStudioVersion = 10.0.40219.1
Project("{9A19103F-16F7-4668-BE54-9A1E7A4F7556}") = "WalkthroughSixteen", "WalkthroughSexteen\WalkthroughSixteen.csproj", "{CE2A8E23-BA93-4D74-B55A-1D788DED4DE5}"
EndProject
Global
	GlobalSection(SolutionConfigurationPlatforms) = preSolution
		Debug|Any CPU = Debug|Any CPU
		Release|Any CPU = Release|Any CPU
	EndGlobalSection
	GlobalSection(ProjectConfigurationPlatforms) = postSolution
		{CE2A8E23-BA93-4D74-B55A-1D788DED4DE5}.Debug|Any CPU.ActiveCfg = Debug|Any CPU
		{CE2A8E23-BA93-4D74-B55A-1D788DED4DE5}.Debug|Any CPU.Build.0 = Debug|Any CPU
		{CE2A8E23-BA93-4D74-B55A-1D788DED4DE5}.Release|Any CPU.ActiveCfg = Release|Any CPU
		{CE2A8E23-BA93-4D74-B55A-1D788DED4DE5}.Release|Any CPU.Build.0 = Release|Any CPU
	EndGlobalSection
	GlobalSection(SolutionProperties) = preSolution
		HideSolutionNode = FALSE
	EndGlobalSection
	GlobalSection(ExtensibilityGlobals) = postSolution
		SolutionGuid = {FD179AE6-EE7E-4ED2-A8C9-157632462F5E}
	EndGlobalSection
EndGlobal
